// !$*UTF8*$!
{
	archiveVersion = 1;
	classes = {
	};
	objectVersion = 46;
	objects = {

/* Begin PBXBuildFile section */
		B32B40ED17C33BA10090557D /* CollectionLayout.m in Sources */ = {isa = PBXBuildFile; fileRef = B32B40EC17C33BA10090557D /* CollectionLayout.m */; };
		B334D60217C620F500492F41 /* Icon@2x.png in Resources */ = {isa = PBXBuildFile; fileRef = B334D60117C620F500492F41 /* Icon@2x.png */; };
		B334D60417C620FA00492F41 /* Icon.png in Resources */ = {isa = PBXBuildFile; fileRef = B334D60317C620FA00492F41 /* Icon.png */; };
		B3794F0817CF3564005A55E5 /* README.md in Resources */ = {isa = PBXBuildFile; fileRef = B3794F0717CF3564005A55E5 /* README.md */; };
		B385C95317C1E83700DD5783 /* UIKit.framework in Frameworks */ = {isa = PBXBuildFile; fileRef = B385C95217C1E83700DD5783 /* UIKit.framework */; };
		B385C95517C1E83700DD5783 /* Foundation.framework in Frameworks */ = {isa = PBXBuildFile; fileRef = B385C95417C1E83700DD5783 /* Foundation.framework */; };
		B385C95717C1E83800DD5783 /* CoreGraphics.framework in Frameworks */ = {isa = PBXBuildFile; fileRef = B385C95617C1E83800DD5783 /* CoreGraphics.framework */; };
		B385C95D17C1E83800DD5783 /* InfoPlist.strings in Resources */ = {isa = PBXBuildFile; fileRef = B385C95B17C1E83800DD5783 /* InfoPlist.strings */; };
		B385C95F17C1E83800DD5783 /* main.m in Sources */ = {isa = PBXBuildFile; fileRef = B385C95E17C1E83800DD5783 /* main.m */; };
		B385C96317C1E83800DD5783 /* AppDelegate.m in Sources */ = {isa = PBXBuildFile; fileRef = B385C96217C1E83800DD5783 /* AppDelegate.m */; };
		B385C96517C1E83800DD5783 /* Default.png in Resources */ = {isa = PBXBuildFile; fileRef = B385C96417C1E83800DD5783 /* Default.png */; };
		B385C96717C1E83800DD5783 /* Default@2x.png in Resources */ = {isa = PBXBuildFile; fileRef = B385C96617C1E83800DD5783 /* Default@2x.png */; };
		B385C96917C1E83800DD5783 /* Default-568h@2x.png in Resources */ = {isa = PBXBuildFile; fileRef = B385C96817C1E83800DD5783 /* Default-568h@2x.png */; };
		B385C97017C1E85000DD5783 /* QuartzCore.framework in Frameworks */ = {isa = PBXBuildFile; fileRef = B385C96F17C1E85000DD5783 /* QuartzCore.framework */; };
		B385C97317C208B000DD5783 /* RootViewController.m in Sources */ = {isa = PBXBuildFile; fileRef = B385C97217C208B000DD5783 /* RootViewController.m */; };
		B385C97817C208BA00DD5783 /* CollectionCell.m in Sources */ = {isa = PBXBuildFile; fileRef = B385C97517C208BA00DD5783 /* CollectionCell.m */; };
		B385C97917C208BA00DD5783 /* CollectionView.m in Sources */ = {isa = PBXBuildFile; fileRef = B385C97717C208BA00DD5783 /* CollectionView.m */; };
/* End PBXBuildFile section */

/* Begin PBXFileReference section */
		B32B40EB17C33BA10090557D /* CollectionLayout.h */ = {isa = PBXFileReference; fileEncoding = 4; lastKnownFileType = sourcecode.c.h; path = CollectionLayout.h; sourceTree = "<group>"; };
		B32B40EC17C33BA10090557D /* CollectionLayout.m */ = {isa = PBXFileReference; fileEncoding = 4; lastKnownFileType = sourcecode.c.objc; path = CollectionLayout.m; sourceTree = "<group>"; };
		B334D60117C620F500492F41 /* Icon@2x.png */ = {isa = PBXFileReference; lastKnownFileType = image.png; path = "Icon@2x.png"; sourceTree = "<group>"; };
		B334D60317C620FA00492F41 /* Icon.png */ = {isa = PBXFileReference; lastKnownFileType = image.png; path = Icon.png; sourceTree = "<group>"; };
		B3794F0717CF3564005A55E5 /* README.md */ = {isa = PBXFileReference; fileEncoding = 4; lastKnownFileType = text; path = README.md; sourceTree = "<group>"; };
		B385C94F17C1E83700DD5783 /* SummerBoard.app */ = {isa = PBXFileReference; explicitFileType = wrapper.application; includeInIndex = 0; path = SummerBoard.app; sourceTree = BUILT_PRODUCTS_DIR; };
		B385C95217C1E83700DD5783 /* UIKit.framework */ = {isa = PBXFileReference; lastKnownFileType = wrapper.framework; name = UIKit.framework; path = System/Library/Frameworks/UIKit.framework; sourceTree = SDKROOT; };
		B385C95417C1E83700DD5783 /* Foundation.framework */ = {isa = PBXFileReference; lastKnownFileType = wrapper.framework; name = Foundation.framework; path = System/Library/Frameworks/Foundation.framework; sourceTree = SDKROOT; };
		B385C95617C1E83800DD5783 /* CoreGraphics.framework */ = {isa = PBXFileReference; lastKnownFileType = wrapper.framework; name = CoreGraphics.framework; path = System/Library/Frameworks/CoreGraphics.framework; sourceTree = SDKROOT; };
		B385C95A17C1E83800DD5783 /* SummerBoard-Info.plist */ = {isa = PBXFileReference; lastKnownFileType = text.plist.xml; path = "SummerBoard-Info.plist"; sourceTree = "<group>"; };
		B385C95C17C1E83800DD5783 /* en */ = {isa = PBXFileReference; lastKnownFileType = text.plist.strings; name = en; path = en.lproj/InfoPlist.strings; sourceTree = "<group>"; };
		B385C95E17C1E83800DD5783 /* main.m */ = {isa = PBXFileReference; lastKnownFileType = sourcecode.c.objc; path = main.m; sourceTree = "<group>"; };
		B385C96017C1E83800DD5783 /* SummerBoard-Prefix.pch */ = {isa = PBXFileReference; lastKnownFileType = sourcecode.c.h; path = "SummerBoard-Prefix.pch"; sourceTree = "<group>"; };
		B385C96117C1E83800DD5783 /* AppDelegate.h */ = {isa = PBXFileReference; lastKnownFileType = sourcecode.c.h; path = AppDelegate.h; sourceTree = "<group>"; };
		B385C96217C1E83800DD5783 /* AppDelegate.m */ = {isa = PBXFileReference; lastKnownFileType = sourcecode.c.objc; path = AppDelegate.m; sourceTree = "<group>"; };
		B385C96417C1E83800DD5783 /* Default.png */ = {isa = PBXFileReference; lastKnownFileType = image.png; path = Default.png; sourceTree = "<group>"; };
		B385C96617C1E83800DD5783 /* Default@2x.png */ = {isa = PBXFileReference; lastKnownFileType = image.png; path = "Default@2x.png"; sourceTree = "<group>"; };
		B385C96817C1E83800DD5783 /* Default-568h@2x.png */ = {isa = PBXFileReference; lastKnownFileType = image.png; path = "Default-568h@2x.png"; sourceTree = "<group>"; };
		B385C96F17C1E85000DD5783 /* QuartzCore.framework */ = {isa = PBXFileReference; lastKnownFileType = wrapper.framework; name = QuartzCore.framework; path = System/Library/Frameworks/QuartzCore.framework; sourceTree = SDKROOT; };
		B385C97117C208B000DD5783 /* RootViewController.h */ = {isa = PBXFileReference; fileEncoding = 4; lastKnownFileType = sourcecode.c.h; path = RootViewController.h; sourceTree = "<group>"; };
		B385C97217C208B000DD5783 /* RootViewController.m */ = {isa = PBXFileReference; fileEncoding = 4; lastKnownFileType = sourcecode.c.objc; path = RootViewController.m; sourceTree = "<group>"; };
		B385C97417C208BA00DD5783 /* CollectionCell.h */ = {isa = PBXFileReference; fileEncoding = 4; lastKnownFileType = sourcecode.c.h; path = CollectionCell.h; sourceTree = "<group>"; };
		B385C97517C208BA00DD5783 /* CollectionCell.m */ = {isa = PBXFileReference; fileEncoding = 4; lastKnownFileType = sourcecode.c.objc; path = CollectionCell.m; sourceTree = "<group>"; };
		B385C97617C208BA00DD5783 /* CollectionView.h */ = {isa = PBXFileReference; fileEncoding = 4; lastKnownFileType = sourcecode.c.h; path = CollectionView.h; sourceTree = "<group>"; };
		B385C97717C208BA00DD5783 /* CollectionView.m */ = {isa = PBXFileReference; fileEncoding = 4; lastKnownFileType = sourcecode.c.objc; path = CollectionView.m; sourceTree = "<group>"; };
/* End PBXFileReference section */

/* Begin PBXFrameworksBuildPhase section */
		B385C94C17C1E83700DD5783 /* Frameworks */ = {
			isa = PBXFrameworksBuildPhase;
			buildActionMask = 2147483647;
			files = (
				B385C97017C1E85000DD5783 /* QuartzCore.framework in Frameworks */,
				B385C95317C1E83700DD5783 /* UIKit.framework in Frameworks */,
				B385C95517C1E83700DD5783 /* Foundation.framework in Frameworks */,
				B385C95717C1E83800DD5783 /* CoreGraphics.framework in Frameworks */,
			);
			runOnlyForDeploymentPostprocessing = 0;
		};
/* End PBXFrameworksBuildPhase section */

/* Begin PBXGroup section */
		B385C94617C1E83700DD5783 = {
			isa = PBXGroup;
			children = (
				B3794F0717CF3564005A55E5 /* README.md */,
				B334D60317C620FA00492F41 /* Icon.png */,
				B334D60117C620F500492F41 /* Icon@2x.png */,
				B385C95817C1E83800DD5783 /* SummerBoard */,
				B385C95117C1E83700DD5783 /* Frameworks */,
				B385C95017C1E83700DD5783 /* Products */,
			);
			sourceTree = "<group>";
		};
		B385C95017C1E83700DD5783 /* Products */ = {
			isa = PBXGroup;
			children = (
				B385C94F17C1E83700DD5783 /* SummerBoard.app */,
			);
			name = Products;
			sourceTree = "<group>";
		};
		B385C95117C1E83700DD5783 /* Frameworks */ = {
			isa = PBXGroup;
			children = (
				B385C96F17C1E85000DD5783 /* QuartzCore.framework */,
				B385C95217C1E83700DD5783 /* UIKit.framework */,
				B385C95417C1E83700DD5783 /* Foundation.framework */,
				B385C95617C1E83800DD5783 /* CoreGraphics.framework */,
			);
			name = Frameworks;
			sourceTree = "<group>";
		};
		B385C95817C1E83800DD5783 /* SummerBoard */ = {
			isa = PBXGroup;
			children = (
				B32B40EB17C33BA10090557D /* CollectionLayout.h */,
				B32B40EC17C33BA10090557D /* CollectionLayout.m */,
				B385C97417C208BA00DD5783 /* CollectionCell.h */,
				B385C97517C208BA00DD5783 /* CollectionCell.m */,
				B385C97617C208BA00DD5783 /* CollectionView.h */,
				B385C97717C208BA00DD5783 /* CollectionView.m */,
				B385C97117C208B000DD5783 /* RootViewController.h */,
				B385C97217C208B000DD5783 /* RootViewController.m */,
				B385C96117C1E83800DD5783 /* AppDelegate.h */,
				B385C96217C1E83800DD5783 /* AppDelegate.m */,
				B385C95917C1E83800DD5783 /* Supporting Files */,
			);
			path = SummerBoard;
			sourceTree = "<group>";
		};
		B385C95917C1E83800DD5783 /* Supporting Files */ = {
			isa = PBXGroup;
			children = (
				B385C95A17C1E83800DD5783 /* SummerBoard-Info.plist */,
				B385C95B17C1E83800DD5783 /* InfoPlist.strings */,
				B385C95E17C1E83800DD5783 /* main.m */,
				B385C96017C1E83800DD5783 /* SummerBoard-Prefix.pch */,
				B385C96417C1E83800DD5783 /* Default.png */,
				B385C96617C1E83800DD5783 /* Default@2x.png */,
				B385C96817C1E83800DD5783 /* Default-568h@2x.png */,
			);
			name = "Supporting Files";
			sourceTree = "<group>";
		};
/* End PBXGroup section */

/* Begin PBXNativeTarget section */
		B385C94E17C1E83700DD5783 /* SummerBoard */ = {
			isa = PBXNativeTarget;
			buildConfigurationList = B385C96C17C1E83800DD5783 /* Build configuration list for PBXNativeTarget "SummerBoard" */;
			buildPhases = (
				B385C94B17C1E83700DD5783 /* Sources */,
				B385C94C17C1E83700DD5783 /* Frameworks */,
				B385C94D17C1E83700DD5783 /* Resources */,
			);
			buildRules = (
			);
			dependencies = (
			);
			name = SummerBoard;
			productName = SummerBoard;
			productReference = B385C94F17C1E83700DD5783 /* SummerBoard.app */;
			productType = "com.apple.product-type.application";
		};
/* End PBXNativeTarget section */

/* Begin PBXProject section */
		B385C94717C1E83700DD5783 /* Project object */ = {
			isa = PBXProject;
			attributes = {
				LastUpgradeCheck = 0460;
				ORGANIZATIONNAME = "Kouichi ABE (WALL)";
			};
			buildConfigurationList = B385C94A17C1E83700DD5783 /* Build configuration list for PBXProject "SummerBoard" */;
			compatibilityVersion = "Xcode 3.2";
			developmentRegion = English;
			hasScannedForEncodings = 0;
			knownRegions = (
				en,
			);
			mainGroup = B385C94617C1E83700DD5783;
			productRefGroup = B385C95017C1E83700DD5783 /* Products */;
			projectDirPath = "";
			projectRoot = "";
			targets = (
				B385C94E17C1E83700DD5783 /* SummerBoard */,
			);
		};
/* End PBXProject section */

/* Begin PBXResourcesBuildPhase section */
		B385C94D17C1E83700DD5783 /* Resources */ = {
			isa = PBXResourcesBuildPhase;
			buildActionMask = 2147483647;
			files = (
				B385C95D17C1E83800DD5783 /* InfoPlist.strings in Resources */,
				B385C96517C1E83800DD5783 /* Default.png in Resources */,
				B385C96717C1E83800DD5783 /* Default@2x.png in Resources */,
				B385C96917C1E83800DD5783 /* Default-568h@2x.png in Resources */,
				B334D60217C620F500492F41 /* Icon@2x.png in Resources */,
				B334D60417C620FA00492F41 /* Icon.png in Resources */,
				B3794F0817CF3564005A55E5 /* README.md in Resources */,
			);
			runOnlyForDeploymentPostprocessing = 0;
		};
/* End PBXResourcesBuildPhase section */

/* Begin PBXSourcesBuildPhase section */
		B385C94B17C1E83700DD5783 /* Sources */ = {
			isa = PBXSourcesBuildPhase;
			buildActionMask = 2147483647;
			files = (
				B385C95F17C1E83800DD5783 /* main.m in Sources */,
				B385C96317C1E83800DD5783 /* AppDelegate.m in Sources */,
				B385C97317C208B000DD5783 /* RootViewController.m in Sources */,
				B385C97817C208BA00DD5783 /* CollectionCell.m in Sources */,
				B385C97917C208BA00DD5783 /* CollectionView.m in Sources */,
				B32B40ED17C33BA10090557D /* CollectionLayout.m in Sources */,
			);
			runOnlyForDeploymentPostprocessing = 0;
		};
/* End PBXSourcesBuildPhase section */

/* Begin PBXVariantGroup section */
		B385C95B17C1E83800DD5783 /* InfoPlist.strings */ = {
			isa = PBXVariantGroup;
			children = (
				B385C95C17C1E83800DD5783 /* en */,
			);
			name = InfoPlist.strings;
			sourceTree = "<group>";
		};
/* End PBXVariantGroup section */

/* Begin XCBuildConfiguration section */
		B385C96A17C1E83800DD5783 /* Debug */ = {
			isa = XCBuildConfiguration;
			buildSettings = {
				ALWAYS_SEARCH_USER_PATHS = NO;
				CLANG_CXX_LANGUAGE_STANDARD = "gnu++0x";
				CLANG_CXX_LIBRARY = "libc++";
				CLANG_WARN_CONSTANT_CONVERSION = YES;
				CLANG_WARN_EMPTY_BODY = YES;
				CLANG_WARN_ENUM_CONVERSION = YES;
				CLANG_WARN_INT_CONVERSION = YES;
				CLANG_WARN__DUPLICATE_METHOD_MATCH = YES;
				"CODE_SIGN_IDENTITY[sdk=iphoneos*]" = "iPhone Developer";
				COPY_PHASE_STRIP = NO;
				GCC_C_LANGUAGE_STANDARD = gnu99;
				GCC_DYNAMIC_NO_PIC = NO;
				GCC_OPTIMIZATION_LEVEL = 0;
				GCC_PREPROCESSOR_DEFINITIONS = (
					"DEBUG=1",
					"$(inherited)",
				);
				GCC_SYMBOLS_PRIVATE_EXTERN = NO;
				GCC_WARN_ABOUT_RETURN_TYPE = YES;
				GCC_WARN_UNINITIALIZED_AUTOS = YES;
				GCC_WARN_UNUSED_VARIABLE = YES;
				IPHONEOS_DEPLOYMENT_TARGET = 6.1;
				ONLY_ACTIVE_ARCH = YES;
				SDKROOT = iphoneos;
			};
			name = Debug;
		};
		B385C96B17C1E83800DD5783 /* Release */ = {
			isa = XCBuildConfiguration;
			buildSettings = {
				ALWAYS_SEARCH_USER_PATHS = NO;
				CLANG_CXX_LANGUAGE_STANDARD = "gnu++0x";
				CLANG_CXX_LIBRARY = "libc++";
				CLANG_WARN_CONSTANT_CONVERSION = YES;
				CLANG_WARN_EMPTY_BODY = YES;
				CLANG_WARN_ENUM_CONVERSION = YES;
				CLANG_WARN_INT_CONVERSION = YES;
				CLANG_WARN__DUPLICATE_METHOD_MATCH = YES;
				"CODE_SIGN_IDENTITY[sdk=iphoneos*]" = "iPhone Developer";
				COPY_PHASE_STRIP = YES;
				GCC_C_LANGUAGE_STANDARD = gnu99;
				GCC_WARN_ABOUT_RETURN_TYPE = YES;
				GCC_WARN_UNINITIALIZED_AUTOS = YES;
				GCC_WARN_UNUSED_VARIABLE = YES;
				IPHONEOS_DEPLOYMENT_TARGET = 6.1;
				OTHER_CFLAGS = "-DNS_BLOCK_ASSERTIONS=1";
				SDKROOT = iphoneos;
				VALIDATE_PRODUCT = YES;
			};
			name = Release;
		};
		B385C96D17C1E83800DD5783 /* Debug */ = {
			isa = XCBuildConfiguration;
			buildSettings = {
				GCC_PRECOMPILE_PREFIX_HEADER = YES;
				GCC_PREFIX_HEADER = "SummerBoard/SummerBoard-Prefix.pch";
				INFOPLIST_FILE = "SummerBoard/SummerBoard-Info.plist";
				PRODUCT_NAME = "$(TARGET_NAME)";
				WRAPPER_EXTENSION = app;
			};
			name = Debug;
		};
		B385C96E17C1E83800DD5783 /* Release */ = {
			isa = XCBuildConfiguration;
			buildSettings = {
				GCC_PRECOMPILE_PREFIX_HEADER = YES;
				GCC_PREFIX_HEADER = "SummerBoard/SummerBoard-Prefix.pch";
				INFOPLIST_FILE = "SummerBoard/SummerBoard-Info.plist";
				PRODUCT_NAME = "$(TARGET_NAME)";
				WRAPPER_EXTENSION = app;
			};
			name = Release;
		};
/* End XCBuildConfiguration section */

/* Begin XCConfigurationList section */
		B385C94A17C1E83700DD5783 /* Build configuration list for PBXProject "SummerBoard" */ = {
			isa = XCConfigurationList;
			buildConfigurations = (
				B385C96A17C1E83800DD5783 /* Debug */,
				B385C96B17C1E83800DD5783 /* Release */,
			);
			defaultConfigurationIsVisible = 0;
			defaultConfigurationName = Release;
		};
		B385C96C17C1E83800DD5783 /* Build configuration list for PBXNativeTarget "SummerBoard" */ = {
			isa = XCConfigurationList;
			buildConfigurations = (
				B385C96D17C1E83800DD5783 /* Debug */,
				B385C96E17C1E83800DD5783 /* Release */,
			);
			defaultConfigurationIsVisible = 0;
			defaultConfigurationName = Release;
		};
/* End XCConfigurationList section */
	};
	rootObject = B385C94717C1E83700DD5783 /* Project object */;
}
